
Microsoft Visual Studio Solution File, Format Version 12.00
# Visual Studio 15
VisualStudioVersion = 15.0.27130.2036
MinimumVisualStudioVersion = 10.0.40219.1
Project("{FAE04EC0-301F-11D3-BF4B-00C04F79EFBC}") = "Lithnet.Okta.ManagementAgent", "Lithnet.Okta.ManagementAgent\Lithnet.Okta.ManagementAgent.csproj", "{2C0596D6-93E2-46A6-9937-7724B34CF0B2}"
EndProject
Global
	GlobalSection(SolutionConfigurationPlatforms) = preSolution
		Debug|Any CPU = Debug|Any CPU
		Release|Any CPU = Release|Any CPU
	EndGlobalSection
	GlobalSection(ProjectConfigurationPlatforms) = postSolution
		{2C0596D6-93E2-46A6-9937-7724B34CF0B2}.Debug|Any CPU.ActiveCfg = Debug|Any CPU
		{2C0596D6-93E2-46A6-9937-7724B34CF0B2}.Debug|Any CPU.Build.0 = Debug|Any CPU
		{2C0596D6-93E2-46A6-9937-7724B34CF0B2}.Release|Any CPU.ActiveCfg = Release|Any CPU
		{2C0596D6-93E2-46A6-9937-7724B34CF0B2}.Release|Any CPU.Build.0 = Release|Any CPU
		{DA889F27-C149-43A9-81A3-2D926E200146}.Debug|Any CPU.ActiveCfg = Debug|Any CPU
		{DA889F27-C149-43A9-81A3-2D926E200146}.Debug|Any CPU.Build.0 = Debug|Any CPU
		{DA889F27-C149-43A9-81A3-2D926E200146}.Release|Any CPU.ActiveCfg = Release|Any CPU
		{DA889F27-C149-43A9-81A3-2D926E200146}.Release|Any CPU.Build.0 = Release|Any CPU
	EndGlobalSection
	GlobalSection(SolutionProperties) = preSolution
		HideSolutionNode = FALSE
	EndGlobalSection
	GlobalSection(ExtensibilityGlobals) = postSolution
		SolutionGuid = {FC7C1E56-EA7E-4BFD-A228-FE79AA82EAB5}
	EndGlobalSection
EndGlobal
